
Microsoft Visual Studio Solution File, Format Version 12.00
# Visual Studio 2012
Project("{FAE04EC0-301F-11D3-BF4B-00C04F79EFBC}") = "PDIApp", "PDIApp\PDIApp.csproj", "{6BB1F7B6-7BD9-44A4-8FFC-F4170E1DBD8B}"
EndProject
Project("{FAE04EC0-301F-11D3-BF4B-00C04F79EFBC}") = "PDIApp.Test", "PDIApp.Test\PDIApp.Test.csproj", "{929C43A4-97A4-44DF-9B67-2D8FCD293FC9}"
EndProject
Global
	GlobalSection(SolutionConfigurationPlatforms) = preSolution
		Debug|Any CPU = Debug|Any CPU
		Release|Any CPU = Release|Any CPU
	EndGlobalSection
	GlobalSection(ProjectConfigurationPlatforms) = postSolution
		{6BB1F7B6-7BD9-44A4-8FFC-F4170E1DBD8B}.Debug|Any CPU.ActiveCfg = Debug|Any CPU
		{6BB1F7B6-7BD9-44A4-8FFC-F4170E1DBD8B}.Debug|Any CPU.Build.0 = Debug|Any CPU
		{6BB1F7B6-7BD9-44A4-8FFC-F4170E1DBD8B}.Release|Any CPU.ActiveCfg = Release|Any CPU
		{6BB1F7B6-7BD9-44A4-8FFC-F4170E1DBD8B}.Release|Any CPU.Build.0 = Release|Any CPU
		{929C43A4-97A4-44DF-9B67-2D8FCD293FC9}.Debug|Any CPU.ActiveCfg = Debug|Any CPU
		{929C43A4-97A4-44DF-9B67-2D8FCD293FC9}.Debug|Any CPU.Build.0 = Debug|Any CPU
		{929C43A4-97A4-44DF-9B67-2D8FCD293FC9}.Release|Any CPU.ActiveCfg = Release|Any CPU
		{929C43A4-97A4-44DF-9B67-2D8FCD293FC9}.Release|Any CPU.Build.0 = Release|Any CPU
	EndGlobalSection
	GlobalSection(SolutionProperties) = preSolution
		HideSolutionNode = FALSE
	EndGlobalSection
EndGlobal
